
Microsoft Visual Studio Solution File, Format Version 12.00
# Visual Studio Version 16
VisualStudioVersion = 16.0.31424.327
MinimumVisualStudioVersion = 10.0.40219.1
Project("{FAE04EC0-301F-11D3-BF4B-00C04F79EFBC}") = "Is365IPWeb", "Is365IPWeb\Is365IPWeb.csproj", "{AC3ECD3D-1229-4E9B-808A-43BFF6725A92}"
EndProject
Global
	GlobalSection(SolutionConfigurationPlatforms) = preSolution
		Debug|Any CPU = Debug|Any CPU
		Release|Any CPU = Release|Any CPU
	EndGlobalSection
	GlobalSection(ProjectConfigurationPlatforms) = postSolution
		{AC3ECD3D-1229-4E9B-808A-43BFF6725A92}.Debug|Any CPU.ActiveCfg = Debug|Any CPU
		{AC3ECD3D-1229-4E9B-808A-43BFF6725A92}.Debug|Any CPU.Build.0 = Debug|Any CPU
		{AC3ECD3D-1229-4E9B-808A-43BFF6725A92}.Release|Any CPU.ActiveCfg = Release|Any CPU
		{AC3ECD3D-1229-4E9B-808A-43BFF6725A92}.Release|Any CPU.Build.0 = Release|Any CPU
	EndGlobalSection
	GlobalSection(SolutionProperties) = preSolution
		HideSolutionNode = FALSE
	EndGlobalSection
	GlobalSection(ExtensibilityGlobals) = postSolution
		SolutionGuid = {CBFD5AB9-DB65-47E9-9920-DA088DEAE68D}
	EndGlobalSection
EndGlobal
